PODS:
  - AgoraRtcEngine_iOS (3.0.0)
  - Alamofire (4.9.1)
  - Bagel (1.3.2):
    - CocoaAsyncSocket
  - CocoaAsyncSocket (7.6.3)
  - ISVImageScrollView (0.1.2)
  - Kingfisher (4.10.1)
  - KMAgoraRtc (1.0.5):
    - AgoraRtcEngine_iOS
    - Kingfisher
    - SnapKit
  - KMNetwork (0.1.2):
    - Alamofire
  - KMOnlineWeb (0.1.1):
    - KMAgoraRtc
    - KMNetwork
    - KMTIMSDK
  - KMTIMSDK (0.1.0):
    - KMTIMSDK/KMCustomCell (= 0.1.0)
    - KMTIMSDK/KMIMBase (= 0.1.0)
    - KMTIMSDK/KMPatientInfo (= 0.1.0)
    - KMTIMSDK/KMSeePrescribe (= 0.1.0)
    - KMTIMSDK/KMTools (= 0.1.0)
  - KMTIMSDK/KMCustomCell (0.1.0)
  - KMTIMSDK/KMIMBase (0.1.0):
    - KMTIMSDK/KMCustomCell
    - KMTIMSDK/KMTools
    - TXIMSDK_TUIKit_iOS
  - KMTIMSDK/KMPatientInfo (0.1.0):
    - KMTIMSDK/KMTools
    - Masonry
    - SDWebImage
  - KMTIMSDK/KMSeePrescribe (0.1.0):
    - KMNetwork
    - KMTIMSDK/KMTools
    - Masonry
  - KMTIMSDK/KMTools (0.1.0)
  - Masonry (1.1.0)
  - MMLayout (0.2.0)
  - ReactiveObjC (3.1.1)
  - SDWebImage (5.5.2):
    - SDWebImage/Core (= 5.5.2)
  - SDWebImage/Core (5.5.2)
  - SnapKit (4.2.0)
  - Toast (4.0.0)
  - TXIMSDK_iOS (4.6.102)
  - TXIMSDK_TUIKit_iOS (4.6.100):
    - ISVImageScrollView (= 0.1.2)
    - MMLayout (= 0.2.0)
    - ReactiveObjC (= 3.1.1)
    - SDWebImage (= 5.5.2)
    - Toast (= 4.0.0)
    - TXIMSDK_iOS

DEPENDENCIES:
  - Bagel (= 1.3.2)
  - CocoaAsyncSocket (= 7.6.3)
  - KMOnlineWeb (= 0.1.1)
  - KMTIMSDK (from `../`)

SPEC REPOS:
  trunk:
    - AgoraRtcEngine_iOS
    - Alamofire
    - Bagel
    - CocoaAsyncSocket
    - ISVImageScrollView
    - Kingfisher
    - KMAgoraRtc
    - KMNetwork
    - KMOnlineWeb
    - Masonry
    - MMLayout
    - ReactiveObjC
    - SDWebImage
    - SnapKit
    - Toast
    - TXIMSDK_iOS
    - TXIMSDK_TUIKit_iOS

EXTERNAL SOURCES:
  KMTIMSDK:
    :path: "../"

SPEC CHECKSUMS:
  AgoraRtcEngine_iOS: faaa446c165609e055f7ff56268ccb429e081e57
  Alamofire: 85e8a02c69d6020a0d734f6054870d7ecb75cf18
  Bagel: 199e0105ac694d6eee9db54dd006c940da6ce81b
  CocoaAsyncSocket: eafaa68a7e0ec99ead0a7b35015e0bf25d2c8987
  ISVImageScrollView: ba511d12a1661b40feb8921309c0854bf93ec749
  Kingfisher: c148cd7b47ebde9989f6bc7c27dcaa79d81279a0
  KMAgoraRtc: 00f1b3d7a45cf8f60a2cdf7797d205e0d95c85c3
  KMNetwork: 8d619cba15eb2863972f7cd6d2a073d91d582f17
  KMOnlineWeb: 813ad31d250b1ffa45ebf5f3b62fa7ce277e644a
  KMTIMSDK: fe5892782c13675ff2bbde66a8f4855a90e12e86
  Masonry: 678fab65091a9290e40e2832a55e7ab731aad201
  MMLayout: 3fb59d58eeb8656c64e61d550fb0088e10666c11
  ReactiveObjC: 011caa393aa0383245f2dcf9bf02e86b80b36040
  SDWebImage: 4d5c027c935438f341ed33dbac53ff9f479922ca
  SnapKit: fe8a619752f3f27075cc9a90244d75c6c3f27e2a
  Toast: 91b396c56ee72a5790816f40d3a94dd357abc196
  TXIMSDK_iOS: e2f691308b9f27f51ba93d53af71254cfe1bfa5c
  TXIMSDK_TUIKit_iOS: 7c5a6556929b590e3d2cfb85a865a3c5b28f4d87

PODFILE CHECKSUM: ad69a41f88d6e54b63962b92167e639da9fd04d4

COCOAPODS: 1.8.4
