PODS:
  - AgoraRtcEngine_iOS (3.0.0)
  - Alamofire (4.9.1)
  - Bagel (1.3.2):
    - CocoaAsyncSocket
  - CocoaAsyncSocket (7.6.3)
  - ISVImageScrollView (0.1.2)
  - Kingfisher (4.10.1)
  - KMAgoraRtc (1.0.6):
    - AgoraRtcEngine_iOS
    - Kingfisher
    - SnapKit
  - KMNetwork (0.1.3):
    - Alamofire
  - KMOnlineWeb (0.1.3):
    - KMAgoraRtc
    - KMNetwork
    - KMTIMSDK
  - KMTIMSDK (0.1.1):
    - KMTIMSDK/KMIMBase (= 0.1.1)
    - KMTIMSDK/KMPatientInfo (= 0.1.1)
    - KMTIMSDK/KMSeePrescribe (= 0.1.1)
    - KMTIMSDK/KMTools (= 0.1.1)
  - KMTIMSDK/KMIMBase (0.1.1):
    - KMTIMSDK/KMTools
    - SDWebImage
    - TXIMSDK_TUIKit_iOS
  - KMTIMSDK/KMPatientInfo (0.1.1):
    - KMTIMSDK/KMTools
    - Masonry
    - SDWebImage
  - KMTIMSDK/KMSeePrescribe (0.1.1):
    - KMNetwork
    - KMTIMSDK/KMTools
    - Masonry
  - KMTIMSDK/KMTools (0.1.1)
  - Masonry (1.1.0)
  - MMLayout (0.2.0)
  - ReactiveObjC (3.1.1)
  - SDWebImage (5.5.2):
    - SDWebImage/Core (= 5.5.2)
  - SDWebImage/Core (5.5.2)
  - SnapKit (4.2.0)
  - Toast (4.0.0)
  - TXIMSDK_iOS (4.7.1)
  - TXIMSDK_TUIKit_iOS (4.6.100):
    - ISVImageScrollView (= 0.1.2)
    - MMLayout (= 0.2.0)
    - ReactiveObjC (= 3.1.1)
    - SDWebImage (= 5.5.2)
    - Toast (= 4.0.0)
    - TXIMSDK_iOS

DEPENDENCIES:
  - Bagel (= 1.3.2)
  - CocoaAsyncSocket (= 7.6.3)
  - KMOnlineWeb (= 0.1.3)
  - KMTIMSDK (from `../`)

SPEC REPOS:
  trunk:
    - AgoraRtcEngine_iOS
    - Alamofire
    - Bagel
    - CocoaAsyncSocket
    - ISVImageScrollView
    - Kingfisher
    - KMAgoraRtc
    - KMNetwork
    - KMOnlineWeb
    - Masonry
    - MMLayout
    - ReactiveObjC
    - SDWebImage
    - SnapKit
    - Toast
    - TXIMSDK_iOS
    - TXIMSDK_TUIKit_iOS

EXTERNAL SOURCES:
  KMTIMSDK:
    :path: "../"

SPEC CHECKSUMS:
  AgoraRtcEngine_iOS: faaa446c165609e055f7ff56268ccb429e081e57
  Alamofire: 85e8a02c69d6020a0d734f6054870d7ecb75cf18
  Bagel: 199e0105ac694d6eee9db54dd006c940da6ce81b
  CocoaAsyncSocket: eafaa68a7e0ec99ead0a7b35015e0bf25d2c8987
  ISVImageScrollView: ba511d12a1661b40feb8921309c0854bf93ec749
  Kingfisher: c148cd7b47ebde9989f6bc7c27dcaa79d81279a0
  KMAgoraRtc: 46077d55e9d1d5ac6d748a142310a1b640c05ea4
  KMNetwork: 2983b3c0deaad382f1dfddf682bc48d6c5403c9a
  KMOnlineWeb: a156b1c028578ea803fcfaac5abb71533d3d495a
  KMTIMSDK: a08bc8cc70068a2b672e46c4816a6a6a2811cfad
  Masonry: 678fab65091a9290e40e2832a55e7ab731aad201
  MMLayout: 3fb59d58eeb8656c64e61d550fb0088e10666c11
  ReactiveObjC: 011caa393aa0383245f2dcf9bf02e86b80b36040
  SDWebImage: 4d5c027c935438f341ed33dbac53ff9f479922ca
  SnapKit: fe8a619752f3f27075cc9a90244d75c6c3f27e2a
  Toast: 91b396c56ee72a5790816f40d3a94dd357abc196
  TXIMSDK_iOS: 2506b27cfdf2aea3e4433b67870755d3a14b358c
  TXIMSDK_TUIKit_iOS: 7c5a6556929b590e3d2cfb85a865a3c5b28f4d87

PODFILE CHECKSUM: f1c1558d93722ff880b0e12bdd77bb28b60e1470

COCOAPODS: 1.8.4
