PODS:
  - AgoraRtcEngine_iOS (2.9.1)
  - ISVImageScrollView (0.1.2)
  - KMAgoraRtc (0.0.1):
    - AgoraRtcEngine_iOS
    - SnapKit
  - KMTIMSDK (0.1.0):
    - ISVImageScrollView
    - MMLayout
    - ReactiveObjC
    - SDWebImage
    - Toast
    - TXIMSDK_iOS
  - MMLayout (0.2.0)
  - ReactiveObjC (3.1.1)
  - SDWebImage (5.2.3):
    - SDWebImage/Core (= 5.2.3)
  - SDWebImage/Core (5.2.3)
  - SnapKit (4.2.0)
  - Toast (4.0.0)
  - TXIMSDK_iOS (4.5.55)

DEPENDENCIES:
  - KMAgoraRtc (from `https://github.com/zhenlove/KMAgoraRtc.git`)
  - KMTIMSDK (from `../`)

SPEC REPOS:
  https://github.com/cocoapods/specs.git:
    - AgoraRtcEngine_iOS
    - ISVImageScrollView
    - MMLayout
    - ReactiveObjC
    - SDWebImage
    - SnapKit
    - Toast
    - TXIMSDK_iOS

EXTERNAL SOURCES:
  KMAgoraRtc:
    :git: https://github.com/zhenlove/KMAgoraRtc.git
  KMTIMSDK:
    :path: "../"

CHECKOUT OPTIONS:
  KMAgoraRtc:
    :commit: 52f6ec7db10e0625c31e6cac0fc4d9fbf1be0f20
    :git: https://github.com/zhenlove/KMAgoraRtc.git

SPEC CHECKSUMS:
  AgoraRtcEngine_iOS: b2eedd8f9ab47b71163f3285e836bd23feb43fff
  ISVImageScrollView: ba511d12a1661b40feb8921309c0854bf93ec749
  KMAgoraRtc: b552ef716c3d16d999596ee2f62a7273dc20d8bf
  KMTIMSDK: c9732e865f38dbdd6b2dde31276483808efeb379
  MMLayout: 3fb59d58eeb8656c64e61d550fb0088e10666c11
  ReactiveObjC: 011caa393aa0383245f2dcf9bf02e86b80b36040
  SDWebImage: 46a7f73228f84ce80990c786e4372cf4db5875ce
  SnapKit: fe8a619752f3f27075cc9a90244d75c6c3f27e2a
  Toast: 91b396c56ee72a5790816f40d3a94dd357abc196
  TXIMSDK_iOS: add67201c64d0a8668e4bfab4d21f83e8075d00a

PODFILE CHECKSUM: 4e366c2d0f90d24825723bd0c7c6d1dca066cfac

COCOAPODS: 1.7.0
