// !$*UTF8*$!
{
	archiveVersion = 1;
	classes = {
	};
	objectVersion = 46;
	objects = {

/* Begin PBXBuildFile section */
		586EDF09D12952A94736EFFB /* libPods-KMTIMSDK_Example.a in Frameworks */ = {isa = PBXBuildFile; fileRef = 4A82F6413AF1FC98DF817875 /* libPods-KMTIMSDK_Example.a */; };
		6003F58E195388D20070C39A /* Foundation.framework in Frameworks */ = {isa = PBXBuildFile; fileRef = 6003F58D195388D20070C39A /* Foundation.framework */; };
		6003F590195388D20070C39A /* CoreGraphics.framework in Frameworks */ = {isa = PBXBuildFile; fileRef = 6003F58F195388D20070C39A /* CoreGraphics.framework */; };
		6003F592195388D20070C39A /* UIKit.framework in Frameworks */ = {isa = PBXBuildFile; fileRef = 6003F591195388D20070C39A /* UIKit.framework */; };
		6003F598195388D20070C39A /* InfoPlist.strings in Resources */ = {isa = PBXBuildFile; fileRef = 6003F596195388D20070C39A /* InfoPlist.strings */; };
		6003F59A195388D20070C39A /* main.m in Sources */ = {isa = PBXBuildFile; fileRef = 6003F599195388D20070C39A /* main.m */; };
		6003F59E195388D20070C39A /* KMAppDelegate.m in Sources */ = {isa = PBXBuildFile; fileRef = 6003F59D195388D20070C39A /* KMAppDelegate.m */; };
		6003F5A9195388D20070C39A /* Images.xcassets in Resources */ = {isa = PBXBuildFile; fileRef = 6003F5A8195388D20070C39A /* Images.xcassets */; };
		6444738C240D0136007984EF /* KMH5WebView.m in Sources */ = {isa = PBXBuildFile; fileRef = 6444738A240D0135007984EF /* KMH5WebView.m */; };
		6444738E240D0498007984EF /* KMNetwork.swift in Sources */ = {isa = PBXBuildFile; fileRef = 6444738D240D0498007984EF /* KMNetwork.swift */; };
		64447392240E32D4007984EF /* KMNetworkConfig.swift in Sources */ = {isa = PBXBuildFile; fileRef = 64447391240E32D4007984EF /* KMNetworkConfig.swift */; };
		64447394240E33A7007984EF /* KMBaseModel.swift in Sources */ = {isa = PBXBuildFile; fileRef = 64447393240E33A7007984EF /* KMBaseModel.swift */; };
		64447396240E340C007984EF /* CustomExtensioon.swift in Sources */ = {isa = PBXBuildFile; fileRef = 64447395240E340C007984EF /* CustomExtensioon.swift */; };
		6444739A240E3539007984EF /* KMAdapter.swift in Sources */ = {isa = PBXBuildFile; fileRef = 64447399240E3539007984EF /* KMAdapter.swift */; };
		6444739C240E3571007984EF /* KMRetrier.swift in Sources */ = {isa = PBXBuildFile; fileRef = 6444739B240E3571007984EF /* KMRetrier.swift */; };
		646D0322235DB3D20095A862 /* KMTestSwift.swift in Sources */ = {isa = PBXBuildFile; fileRef = 646D0321235DB3D20095A862 /* KMTestSwift.swift */; };
		64B8779B235D4DC200825BFE /* KMLoginController.m in Sources */ = {isa = PBXBuildFile; fileRef = 64B87799235D4DC200825BFE /* KMLoginController.m */; };
		64B8779C235D4DC200825BFE /* KMLoginController.xib in Resources */ = {isa = PBXBuildFile; fileRef = 64B8779A235D4DC200825BFE /* KMLoginController.xib */; };
		71719F9F1E33DC2100824A3D /* LaunchScreen.storyboard in Resources */ = {isa = PBXBuildFile; fileRef = 71719F9D1E33DC2100824A3D /* LaunchScreen.storyboard */; };
/* End PBXBuildFile section */

/* Begin PBXFileReference section */
		10CB46AD94EB25D3A7FF20AA /* Pods-KMTIMSDK_Example.release.xcconfig */ = {isa = PBXFileReference; includeInIndex = 1; lastKnownFileType = text.xcconfig; name = "Pods-KMTIMSDK_Example.release.xcconfig"; path = "Target Support Files/Pods-KMTIMSDK_Example/Pods-KMTIMSDK_Example.release.xcconfig"; sourceTree = "<group>"; };
		19ABCD2A85A490236A4D0CB9 /* KMTIMSDK.podspec */ = {isa = PBXFileReference; includeInIndex = 1; lastKnownFileType = text; name = KMTIMSDK.podspec; path = ../KMTIMSDK.podspec; sourceTree = "<group>"; xcLanguageSpecificationIdentifier = xcode.lang.ruby; };
		39727FA18CEDFFA4AE1ACC50 /* LICENSE */ = {isa = PBXFileReference; includeInIndex = 1; lastKnownFileType = text; name = LICENSE; path = ../LICENSE; sourceTree = "<group>"; };
		4A82F6413AF1FC98DF817875 /* libPods-KMTIMSDK_Example.a */ = {isa = PBXFileReference; explicitFileType = archive.ar; includeInIndex = 0; path = "libPods-KMTIMSDK_Example.a"; sourceTree = BUILT_PRODUCTS_DIR; };
		5ED50E3A2D879E27AEF728DD /* Pods-KMTIMSDK_Example.debug.xcconfig */ = {isa = PBXFileReference; includeInIndex = 1; lastKnownFileType = text.xcconfig; name = "Pods-KMTIMSDK_Example.debug.xcconfig"; path = "Target Support Files/Pods-KMTIMSDK_Example/Pods-KMTIMSDK_Example.debug.xcconfig"; sourceTree = "<group>"; };
		6003F58A195388D20070C39A /* KMTIMSDK_Example.app */ = {isa = PBXFileReference; explicitFileType = wrapper.application; includeInIndex = 0; path = KMTIMSDK_Example.app; sourceTree = BUILT_PRODUCTS_DIR; };
		6003F58D195388D20070C39A /* Foundation.framework */ = {isa = PBXFileReference; lastKnownFileType = wrapper.framework; name = Foundation.framework; path = System/Library/Frameworks/Foundation.framework; sourceTree = SDKROOT; };
		6003F58F195388D20070C39A /* CoreGraphics.framework */ = {isa = PBXFileReference; lastKnownFileType = wrapper.framework; name = CoreGraphics.framework; path = System/Library/Frameworks/CoreGraphics.framework; sourceTree = SDKROOT; };
		6003F591195388D20070C39A /* UIKit.framework */ = {isa = PBXFileReference; lastKnownFileType = wrapper.framework; name = UIKit.framework; path = System/Library/Frameworks/UIKit.framework; sourceTree = SDKROOT; };
		6003F595195388D20070C39A /* KMTIMSDK-Info.plist */ = {isa = PBXFileReference; lastKnownFileType = text.plist.xml; path = "KMTIMSDK-Info.plist"; sourceTree = "<group>"; };
		6003F597195388D20070C39A /* en */ = {isa = PBXFileReference; lastKnownFileType = text.plist.strings; name = en; path = en.lproj/InfoPlist.strings; sourceTree = "<group>"; };
		6003F599195388D20070C39A /* main.m */ = {isa = PBXFileReference; lastKnownFileType = sourcecode.c.objc; path = main.m; sourceTree = "<group>"; };
		6003F59B195388D20070C39A /* KMTIMSDK-Prefix.pch */ = {isa = PBXFileReference; lastKnownFileType = sourcecode.c.h; path = "KMTIMSDK-Prefix.pch"; sourceTree = "<group>"; };
		6003F59C195388D20070C39A /* KMAppDelegate.h */ = {isa = PBXFileReference; lastKnownFileType = sourcecode.c.h; path = KMAppDelegate.h; sourceTree = "<group>"; };
		6003F59D195388D20070C39A /* KMAppDelegate.m */ = {isa = PBXFileReference; lastKnownFileType = sourcecode.c.objc; path = KMAppDelegate.m; sourceTree = "<group>"; };
		6003F5A8195388D20070C39A /* Images.xcassets */ = {isa = PBXFileReference; lastKnownFileType = folder.assetcatalog; path = Images.xcassets; sourceTree = "<group>"; };
		6444738A240D0135007984EF /* KMH5WebView.m */ = {isa = PBXFileReference; fileEncoding = 4; lastKnownFileType = sourcecode.c.objc; path = KMH5WebView.m; sourceTree = "<group>"; };
		6444738B240D0136007984EF /* KMH5WebView.h */ = {isa = PBXFileReference; fileEncoding = 4; lastKnownFileType = sourcecode.c.h; path = KMH5WebView.h; sourceTree = "<group>"; };
		6444738D240D0498007984EF /* KMNetwork.swift */ = {isa = PBXFileReference; lastKnownFileType = sourcecode.swift; path = KMNetwork.swift; sourceTree = "<group>"; };
		64447391240E32D4007984EF /* KMNetworkConfig.swift */ = {isa = PBXFileReference; lastKnownFileType = sourcecode.swift; path = KMNetworkConfig.swift; sourceTree = "<group>"; };
		64447393240E33A7007984EF /* KMBaseModel.swift */ = {isa = PBXFileReference; lastKnownFileType = sourcecode.swift; path = KMBaseModel.swift; sourceTree = "<group>"; };
		64447395240E340C007984EF /* CustomExtensioon.swift */ = {isa = PBXFileReference; lastKnownFileType = sourcecode.swift; path = CustomExtensioon.swift; sourceTree = "<group>"; };
		64447399240E3539007984EF /* KMAdapter.swift */ = {isa = PBXFileReference; lastKnownFileType = sourcecode.swift; path = KMAdapter.swift; sourceTree = "<group>"; };
		6444739B240E3571007984EF /* KMRetrier.swift */ = {isa = PBXFileReference; lastKnownFileType = sourcecode.swift; path = KMRetrier.swift; sourceTree = "<group>"; };
		646D0320235DB3D10095A862 /* KMTIMSDK_Example-Bridging-Header.h */ = {isa = PBXFileReference; lastKnownFileType = sourcecode.c.h; path = "KMTIMSDK_Example-Bridging-Header.h"; sourceTree = "<group>"; };
		646D0321235DB3D20095A862 /* KMTestSwift.swift */ = {isa = PBXFileReference; lastKnownFileType = sourcecode.swift; path = KMTestSwift.swift; sourceTree = "<group>"; };
		64B87798235D4DC200825BFE /* KMLoginController.h */ = {isa = PBXFileReference; lastKnownFileType = sourcecode.c.h; path = KMLoginController.h; sourceTree = "<group>"; };
		64B87799235D4DC200825BFE /* KMLoginController.m */ = {isa = PBXFileReference; lastKnownFileType = sourcecode.c.objc; path = KMLoginController.m; sourceTree = "<group>"; };
		64B8779A235D4DC200825BFE /* KMLoginController.xib */ = {isa = PBXFileReference; lastKnownFileType = file.xib; path = KMLoginController.xib; sourceTree = "<group>"; };
		71719F9E1E33DC2100824A3D /* Base */ = {isa = PBXFileReference; lastKnownFileType = file.storyboard; name = Base; path = Base.lproj/LaunchScreen.storyboard; sourceTree = "<group>"; };
		B436013E47D866CE390C3F26 /* README.md */ = {isa = PBXFileReference; includeInIndex = 1; lastKnownFileType = net.daringfireball.markdown; name = README.md; path = ../README.md; sourceTree = "<group>"; };
/* End PBXFileReference section */

/* Begin PBXFrameworksBuildPhase section */
		6003F587195388D20070C39A /* Frameworks */ = {
			isa = PBXFrameworksBuildPhase;
			buildActionMask = 2147483647;
			files = (
				6003F590195388D20070C39A /* CoreGraphics.framework in Frameworks */,
				6003F592195388D20070C39A /* UIKit.framework in Frameworks */,
				6003F58E195388D20070C39A /* Foundation.framework in Frameworks */,
				586EDF09D12952A94736EFFB /* libPods-KMTIMSDK_Example.a in Frameworks */,
			);
			runOnlyForDeploymentPostprocessing = 0;
		};
/* End PBXFrameworksBuildPhase section */

/* Begin PBXGroup section */
		6003F581195388D10070C39A = {
			isa = PBXGroup;
			children = (
				60FF7A9C1954A5C5007DD14C /* Podspec Metadata */,
				6003F593195388D20070C39A /* Example for KMTIMSDK */,
				6003F58C195388D20070C39A /* Frameworks */,
				6003F58B195388D20070C39A /* Products */,
				B63AE9B723C044289A633F9B /* Pods */,
			);
			sourceTree = "<group>";
		};
		6003F58B195388D20070C39A /* Products */ = {
			isa = PBXGroup;
			children = (
				6003F58A195388D20070C39A /* KMTIMSDK_Example.app */,
			);
			name = Products;
			sourceTree = "<group>";
		};
		6003F58C195388D20070C39A /* Frameworks */ = {
			isa = PBXGroup;
			children = (
				6003F58D195388D20070C39A /* Foundation.framework */,
				6003F58F195388D20070C39A /* CoreGraphics.framework */,
				6003F591195388D20070C39A /* UIKit.framework */,
				4A82F6413AF1FC98DF817875 /* libPods-KMTIMSDK_Example.a */,
			);
			name = Frameworks;
			sourceTree = "<group>";
		};
		6003F593195388D20070C39A /* Example for KMTIMSDK */ = {
			isa = PBXGroup;
			children = (
				64447398240E349C007984EF /* Swift */,
				6003F59C195388D20070C39A /* KMAppDelegate.h */,
				6003F59D195388D20070C39A /* KMAppDelegate.m */,
				71719F9D1E33DC2100824A3D /* LaunchScreen.storyboard */,
				6003F5A8195388D20070C39A /* Images.xcassets */,
				6003F594195388D20070C39A /* Supporting Files */,
				64B87798235D4DC200825BFE /* KMLoginController.h */,
				64B87799235D4DC200825BFE /* KMLoginController.m */,
				64B8779A235D4DC200825BFE /* KMLoginController.xib */,
				6444738B240D0136007984EF /* KMH5WebView.h */,
				6444738A240D0135007984EF /* KMH5WebView.m */,
				646D0321235DB3D20095A862 /* KMTestSwift.swift */,
				646D0320235DB3D10095A862 /* KMTIMSDK_Example-Bridging-Header.h */,
			);
			name = "Example for KMTIMSDK";
			path = KMTIMSDK;
			sourceTree = "<group>";
		};
		6003F594195388D20070C39A /* Supporting Files */ = {
			isa = PBXGroup;
			children = (
				6003F595195388D20070C39A /* KMTIMSDK-Info.plist */,
				6003F596195388D20070C39A /* InfoPlist.strings */,
				6003F599195388D20070C39A /* main.m */,
				6003F59B195388D20070C39A /* KMTIMSDK-Prefix.pch */,
			);
			name = "Supporting Files";
			sourceTree = "<group>";
		};
		60FF7A9C1954A5C5007DD14C /* Podspec Metadata */ = {
			isa = PBXGroup;
			children = (
				19ABCD2A85A490236A4D0CB9 /* KMTIMSDK.podspec */,
				B436013E47D866CE390C3F26 /* README.md */,
				39727FA18CEDFFA4AE1ACC50 /* LICENSE */,
			);
			name = "Podspec Metadata";
			sourceTree = "<group>";
		};
		64447398240E349C007984EF /* Swift */ = {
			isa = PBXGroup;
			children = (
				6444738D240D0498007984EF /* KMNetwork.swift */,
				64447391240E32D4007984EF /* KMNetworkConfig.swift */,
				64447393240E33A7007984EF /* KMBaseModel.swift */,
				64447395240E340C007984EF /* CustomExtensioon.swift */,
				64447399240E3539007984EF /* KMAdapter.swift */,
				6444739B240E3571007984EF /* KMRetrier.swift */,
			);
			path = Swift;
			sourceTree = "<group>";
		};
		B63AE9B723C044289A633F9B /* Pods */ = {
			isa = PBXGroup;
			children = (
				5ED50E3A2D879E27AEF728DD /* Pods-KMTIMSDK_Example.debug.xcconfig */,
				10CB46AD94EB25D3A7FF20AA /* Pods-KMTIMSDK_Example.release.xcconfig */,
			);
			path = Pods;
			sourceTree = "<group>";
		};
/* End PBXGroup section */

/* Begin PBXNativeTarget section */
		6003F589195388D20070C39A /* KMTIMSDK_Example */ = {
			isa = PBXNativeTarget;
			buildConfigurationList = 6003F5BF195388D20070C39A /* Build configuration list for PBXNativeTarget "KMTIMSDK_Example" */;
			buildPhases = (
				372CFA39B8B48E758D9CB317 /* [CP] Check Pods Manifest.lock */,
				6003F586195388D20070C39A /* Sources */,
				6003F587195388D20070C39A /* Frameworks */,
				6003F588195388D20070C39A /* Resources */,
				545953769154DD622F20F3FE /* [CP] Embed Pods Frameworks */,
				3771B0DDA255D3FB3FEA5A80 /* [CP] Copy Pods Resources */,
			);
			buildRules = (
			);
			dependencies = (
			);
			name = KMTIMSDK_Example;
			productName = KMTIMSDK;
			productReference = 6003F58A195388D20070C39A /* KMTIMSDK_Example.app */;
			productType = "com.apple.product-type.application";
		};
/* End PBXNativeTarget section */

/* Begin PBXProject section */
		6003F582195388D10070C39A /* Project object */ = {
			isa = PBXProject;
			attributes = {
				CLASSPREFIX = KM;
				LastUpgradeCheck = 1110;
				ORGANIZATIONNAME = zhenlove;
				TargetAttributes = {
					6003F589195388D20070C39A = {
						DevelopmentTeam = XYBK7B7U6R;
						LastSwiftMigration = 1130;
					};
				};
			};
			buildConfigurationList = 6003F585195388D10070C39A /* Build configuration list for PBXProject "KMTIMSDK" */;
			compatibilityVersion = "Xcode 3.2";
			developmentRegion = en;
			hasScannedForEncodings = 0;
			knownRegions = (
				en,
				Base,
			);
			mainGroup = 6003F581195388D10070C39A;
			productRefGroup = 6003F58B195388D20070C39A /* Products */;
			projectDirPath = "";
			projectRoot = "";
			targets = (
				6003F589195388D20070C39A /* KMTIMSDK_Example */,
			);
		};
/* End PBXProject section */

/* Begin PBXResourcesBuildPhase section */
		6003F588195388D20070C39A /* Resources */ = {
			isa = PBXResourcesBuildPhase;
			buildActionMask = 2147483647;
			files = (
				71719F9F1E33DC2100824A3D /* LaunchScreen.storyboard in Resources */,
				6003F5A9195388D20070C39A /* Images.xcassets in Resources */,
				6003F598195388D20070C39A /* InfoPlist.strings in Resources */,
				64B8779C235D4DC200825BFE /* KMLoginController.xib in Resources */,
			);
			runOnlyForDeploymentPostprocessing = 0;
		};
/* End PBXResourcesBuildPhase section */

/* Begin PBXShellScriptBuildPhase section */
		372CFA39B8B48E758D9CB317 /* [CP] Check Pods Manifest.lock */ = {
			isa = PBXShellScriptBuildPhase;
			buildActionMask = 2147483647;
			files = (
			);
			inputFileListPaths = (
			);
			inputPaths = (
				"${PODS_PODFILE_DIR_PATH}/Podfile.lock",
				"${PODS_ROOT}/Manifest.lock",
			);
			name = "[CP] Check Pods Manifest.lock";
			outputFileListPaths = (
			);
			outputPaths = (
				"$(DERIVED_FILE_DIR)/Pods-KMTIMSDK_Example-checkManifestLockResult.txt",
			);
			runOnlyForDeploymentPostprocessing = 0;
			shellPath = /bin/sh;
			shellScript = "diff \"${PODS_PODFILE_DIR_PATH}/Podfile.lock\" \"${PODS_ROOT}/Manifest.lock\" > /dev/null\nif [ $? != 0 ] ; then\n    # print error to STDERR\n    echo \"error: The sandbox is not in sync with the Podfile.lock. Run 'pod install' or update your CocoaPods installation.\" >&2\n    exit 1\nfi\n# This output is used by Xcode 'outputs' to avoid re-running this script phase.\necho \"SUCCESS\" > \"${SCRIPT_OUTPUT_FILE_0}\"\n";
			showEnvVarsInLog = 0;
		};
		3771B0DDA255D3FB3FEA5A80 /* [CP] Copy Pods Resources */ = {
			isa = PBXShellScriptBuildPhase;
			buildActionMask = 2147483647;
			files = (
			);
			inputPaths = (
				"${PODS_ROOT}/Target Support Files/Pods-KMTIMSDK_Example/Pods-KMTIMSDK_Example-resources.sh",
				"${PODS_CONFIGURATION_BUILD_DIR}/KMAgoraRtc/AgoraRtc.bundle",
				"${PODS_CONFIGURATION_BUILD_DIR}/KMTIMSDK/KMTIMImage.bundle",
				"${PODS_ROOT}/TXIMSDK_TUIKit_iOS/TUIKit/Resources/TUIKitFace.bundle",
				"${PODS_ROOT}/TXIMSDK_TUIKit_iOS/TUIKit/Resources/TUIKitResource.bundle",
			);
			name = "[CP] Copy Pods Resources";
			outputPaths = (
				"${TARGET_BUILD_DIR}/${UNLOCALIZED_RESOURCES_FOLDER_PATH}/AgoraRtc.bundle",
				"${TARGET_BUILD_DIR}/${UNLOCALIZED_RESOURCES_FOLDER_PATH}/KMTIMImage.bundle",
				"${TARGET_BUILD_DIR}/${UNLOCALIZED_RESOURCES_FOLDER_PATH}/TUIKitFace.bundle",
				"${TARGET_BUILD_DIR}/${UNLOCALIZED_RESOURCES_FOLDER_PATH}/TUIKitResource.bundle",
			);
			runOnlyForDeploymentPostprocessing = 0;
			shellPath = /bin/sh;
			shellScript = "\"${PODS_ROOT}/Target Support Files/Pods-KMTIMSDK_Example/Pods-KMTIMSDK_Example-resources.sh\"\n";
			showEnvVarsInLog = 0;
		};
		545953769154DD622F20F3FE /* [CP] Embed Pods Frameworks */ = {
			isa = PBXShellScriptBuildPhase;
			buildActionMask = 2147483647;
			files = (
			);
			inputPaths = (
				"${PODS_ROOT}/Target Support Files/Pods-KMTIMSDK_Example/Pods-KMTIMSDK_Example-frameworks.sh",
				"${PODS_ROOT}/TXIMSDK_iOS/ImSDK.framework",
			);
			name = "[CP] Embed Pods Frameworks";
			outputPaths = (
				"${TARGET_BUILD_DIR}/${FRAMEWORKS_FOLDER_PATH}/ImSDK.framework",
			);
			runOnlyForDeploymentPostprocessing = 0;
			shellPath = /bin/sh;
			shellScript = "\"${PODS_ROOT}/Target Support Files/Pods-KMTIMSDK_Example/Pods-KMTIMSDK_Example-frameworks.sh\"\n";
			showEnvVarsInLog = 0;
		};
/* End PBXShellScriptBuildPhase section */

/* Begin PBXSourcesBuildPhase section */
		6003F586195388D20070C39A /* Sources */ = {
			isa = PBXSourcesBuildPhase;
			buildActionMask = 2147483647;
			files = (
				64447394240E33A7007984EF /* KMBaseModel.swift in Sources */,
				6003F59E195388D20070C39A /* KMAppDelegate.m in Sources */,
				64447396240E340C007984EF /* CustomExtensioon.swift in Sources */,
				646D0322235DB3D20095A862 /* KMTestSwift.swift in Sources */,
				6003F59A195388D20070C39A /* main.m in Sources */,
				6444739C240E3571007984EF /* KMRetrier.swift in Sources */,
				6444739A240E3539007984EF /* KMAdapter.swift in Sources */,
				64B8779B235D4DC200825BFE /* KMLoginController.m in Sources */,
				64447392240E32D4007984EF /* KMNetworkConfig.swift in Sources */,
				6444738E240D0498007984EF /* KMNetwork.swift in Sources */,
				6444738C240D0136007984EF /* KMH5WebView.m in Sources */,
			);
			runOnlyForDeploymentPostprocessing = 0;
		};
/* End PBXSourcesBuildPhase section */

/* Begin PBXVariantGroup section */
		6003F596195388D20070C39A /* InfoPlist.strings */ = {
			isa = PBXVariantGroup;
			children = (
				6003F597195388D20070C39A /* en */,
			);
			name = InfoPlist.strings;
			sourceTree = "<group>";
		};
		71719F9D1E33DC2100824A3D /* LaunchScreen.storyboard */ = {
			isa = PBXVariantGroup;
			children = (
				71719F9E1E33DC2100824A3D /* Base */,
			);
			name = LaunchScreen.storyboard;
			sourceTree = "<group>";
		};
/* End PBXVariantGroup section */

/* Begin XCBuildConfiguration section */
		6003F5BD195388D20070C39A /* Debug */ = {
			isa = XCBuildConfiguration;
			buildSettings = {
				ALWAYS_SEARCH_USER_PATHS = NO;
				CLANG_ANALYZER_LOCALIZABILITY_NONLOCALIZED = YES;
				CLANG_CXX_LANGUAGE_STANDARD = "gnu++0x";
				CLANG_CXX_LIBRARY = "libc++";
				CLANG_ENABLE_MODULES = YES;
				CLANG_ENABLE_OBJC_ARC = YES;
				CLANG_WARN_BLOCK_CAPTURE_AUTORELEASING = YES;
				CLANG_WARN_BOOL_CONVERSION = YES;
				CLANG_WARN_COMMA = YES;
				CLANG_WARN_CONSTANT_CONVERSION = YES;
				CLANG_WARN_DEPRECATED_OBJC_IMPLEMENTATIONS = YES;
				CLANG_WARN_DIRECT_OBJC_ISA_USAGE = YES_ERROR;
				CLANG_WARN_EMPTY_BODY = YES;
				CLANG_WARN_ENUM_CONVERSION = YES;
				CLANG_WARN_INFINITE_RECURSION = YES;
				CLANG_WARN_INT_CONVERSION = YES;
				CLANG_WARN_NON_LITERAL_NULL_CONVERSION = YES;
				CLANG_WARN_OBJC_IMPLICIT_RETAIN_SELF = YES;
				CLANG_WARN_OBJC_LITERAL_CONVERSION = YES;
				CLANG_WARN_OBJC_ROOT_CLASS = YES_ERROR;
				CLANG_WARN_RANGE_LOOP_ANALYSIS = YES;
				CLANG_WARN_STRICT_PROTOTYPES = YES;
				CLANG_WARN_SUSPICIOUS_MOVE = YES;
				CLANG_WARN_UNREACHABLE_CODE = YES;
				CLANG_WARN__DUPLICATE_METHOD_MATCH = YES;
				"CODE_SIGN_IDENTITY[sdk=iphoneos*]" = "iPhone Developer";
				COPY_PHASE_STRIP = NO;
				ENABLE_STRICT_OBJC_MSGSEND = YES;
				ENABLE_TESTABILITY = YES;
				GCC_C_LANGUAGE_STANDARD = gnu99;
				GCC_DYNAMIC_NO_PIC = NO;
				GCC_NO_COMMON_BLOCKS = YES;
				GCC_OPTIMIZATION_LEVEL = 0;
				GCC_PREPROCESSOR_DEFINITIONS = (
					"DEBUG=1",
					"$(inherited)",
				);
				GCC_SYMBOLS_PRIVATE_EXTERN = NO;
				GCC_WARN_64_TO_32_BIT_CONVERSION = YES;
				GCC_WARN_ABOUT_RETURN_TYPE = YES_ERROR;
				GCC_WARN_UNDECLARED_SELECTOR = YES;
				GCC_WARN_UNINITIALIZED_AUTOS = YES_AGGRESSIVE;
				GCC_WARN_UNUSED_FUNCTION = YES;
				GCC_WARN_UNUSED_VARIABLE = YES;
				IPHONEOS_DEPLOYMENT_TARGET = 9.3;
				ONLY_ACTIVE_ARCH = YES;
				SDKROOT = iphoneos;
				TARGETED_DEVICE_FAMILY = "1,2";
			};
			name = Debug;
		};
		6003F5BE195388D20070C39A /* Release */ = {
			isa = XCBuildConfiguration;
			buildSettings = {
				ALWAYS_SEARCH_USER_PATHS = NO;
				CLANG_ANALYZER_LOCALIZABILITY_NONLOCALIZED = YES;
				CLANG_CXX_LANGUAGE_STANDARD = "gnu++0x";
				CLANG_CXX_LIBRARY = "libc++";
				CLANG_ENABLE_MODULES = YES;
				CLANG_ENABLE_OBJC_ARC = YES;
				CLANG_WARN_BLOCK_CAPTURE_AUTORELEASING = YES;
				CLANG_WARN_BOOL_CONVERSION = YES;
				CLANG_WARN_COMMA = YES;
				CLANG_WARN_CONSTANT_CONVERSION = YES;
				CLANG_WARN_DEPRECATED_OBJC_IMPLEMENTATIONS = YES;
				CLANG_WARN_DIRECT_OBJC_ISA_USAGE = YES_ERROR;
				CLANG_WARN_EMPTY_BODY = YES;
				CLANG_WARN_ENUM_CONVERSION = YES;
				CLANG_WARN_INFINITE_RECURSION = YES;
				CLANG_WARN_INT_CONVERSION = YES;
				CLANG_WARN_NON_LITERAL_NULL_CONVERSION = YES;
				CLANG_WARN_OBJC_IMPLICIT_RETAIN_SELF = YES;
				CLANG_WARN_OBJC_LITERAL_CONVERSION = YES;
				CLANG_WARN_OBJC_ROOT_CLASS = YES_ERROR;
				CLANG_WARN_RANGE_LOOP_ANALYSIS = YES;
				CLANG_WARN_STRICT_PROTOTYPES = YES;
				CLANG_WARN_SUSPICIOUS_MOVE = YES;
				CLANG_WARN_UNREACHABLE_CODE = YES;
				CLANG_WARN__DUPLICATE_METHOD_MATCH = YES;
				"CODE_SIGN_IDENTITY[sdk=iphoneos*]" = "iPhone Developer";
				COPY_PHASE_STRIP = YES;
				ENABLE_NS_ASSERTIONS = NO;
				ENABLE_STRICT_OBJC_MSGSEND = YES;
				GCC_C_LANGUAGE_STANDARD = gnu99;
				GCC_NO_COMMON_BLOCKS = YES;
				GCC_WARN_64_TO_32_BIT_CONVERSION = YES;
				GCC_WARN_ABOUT_RETURN_TYPE = YES_ERROR;
				GCC_WARN_UNDECLARED_SELECTOR = YES;
				GCC_WARN_UNINITIALIZED_AUTOS = YES_AGGRESSIVE;
				GCC_WARN_UNUSED_FUNCTION = YES;
				GCC_WARN_UNUSED_VARIABLE = YES;
				IPHONEOS_DEPLOYMENT_TARGET = 9.3;
				SDKROOT = iphoneos;
				SWIFT_COMPILATION_MODE = wholemodule;
				TARGETED_DEVICE_FAMILY = "1,2";
				VALIDATE_PRODUCT = YES;
			};
			name = Release;
		};
		6003F5C0195388D20070C39A /* Debug */ = {
			isa = XCBuildConfiguration;
			baseConfigurationReference = 5ED50E3A2D879E27AEF728DD /* Pods-KMTIMSDK_Example.debug.xcconfig */;
			buildSettings = {
				ASSETCATALOG_COMPILER_APPICON_NAME = AppIcon;
				CLANG_ENABLE_MODULES = YES;
				DEBUG_INFORMATION_FORMAT = dwarf;
				DEVELOPMENT_TEAM = XYBK7B7U6R;
				GCC_PRECOMPILE_PREFIX_HEADER = YES;
				GCC_PREFIX_HEADER = "KMTIMSDK/KMTIMSDK-Prefix.pch";
				INFOPLIST_FILE = "KMTIMSDK/KMTIMSDK-Info.plist";
				IPHONEOS_DEPLOYMENT_TARGET = 9.0;
				LD_RUNPATH_SEARCH_PATHS = "$(inherited) @executable_path/Frameworks";
				MODULE_NAME = ExampleApp;
				PRODUCT_BUNDLE_IDENTIFIER = "org.cocoapods.demo.${PRODUCT_NAME:rfc1034identifier}";
				PRODUCT_NAME = "$(TARGET_NAME)";
				SWIFT_OBJC_BRIDGING_HEADER = "KMTIMSDK/KMTIMSDK_Example-Bridging-Header.h";
				SWIFT_OPTIMIZATION_LEVEL = "-Onone";
				SWIFT_VERSION = 5.0;
				TARGETED_DEVICE_FAMILY = 1;
				WRAPPER_EXTENSION = app;
			};
			name = Debug;
		};
		6003F5C1195388D20070C39A /* Release */ = {
			isa = XCBuildConfiguration;
			baseConfigurationReference = 10CB46AD94EB25D3A7FF20AA /* Pods-KMTIMSDK_Example.release.xcconfig */;
			buildSettings = {
				ASSETCATALOG_COMPILER_APPICON_NAME = AppIcon;
				CLANG_ENABLE_MODULES = YES;
				DEBUG_INFORMATION_FORMAT = dwarf;
				DEVELOPMENT_TEAM = XYBK7B7U6R;
				GCC_PRECOMPILE_PREFIX_HEADER = YES;
				GCC_PREFIX_HEADER = "KMTIMSDK/KMTIMSDK-Prefix.pch";
				INFOPLIST_FILE = "KMTIMSDK/KMTIMSDK-Info.plist";
				IPHONEOS_DEPLOYMENT_TARGET = 9.0;
				LD_RUNPATH_SEARCH_PATHS = "$(inherited) @executable_path/Frameworks";
				MODULE_NAME = ExampleApp;
				PRODUCT_BUNDLE_IDENTIFIER = "org.cocoapods.demo.${PRODUCT_NAME:rfc1034identifier}";
				PRODUCT_NAME = "$(TARGET_NAME)";
				SWIFT_OBJC_BRIDGING_HEADER = "KMTIMSDK/KMTIMSDK_Example-Bridging-Header.h";
				SWIFT_VERSION = 5.0;
				TARGETED_DEVICE_FAMILY = 1;
				WRAPPER_EXTENSION = app;
			};
			name = Release;
		};
/* End XCBuildConfiguration section */

/* Begin XCConfigurationList section */
		6003F585195388D10070C39A /* Build configuration list for PBXProject "KMTIMSDK" */ = {
			isa = XCConfigurationList;
			buildConfigurations = (
				6003F5BD195388D20070C39A /* Debug */,
				6003F5BE195388D20070C39A /* Release */,
			);
			defaultConfigurationIsVisible = 0;
			defaultConfigurationName = Release;
		};
		6003F5BF195388D20070C39A /* Build configuration list for PBXNativeTarget "KMTIMSDK_Example" */ = {
			isa = XCConfigurationList;
			buildConfigurations = (
				6003F5C0195388D20070C39A /* Debug */,
				6003F5C1195388D20070C39A /* Release */,
			);
			defaultConfigurationIsVisible = 0;
			defaultConfigurationName = Release;
		};
/* End XCConfigurationList section */
	};
	rootObject = 6003F582195388D10070C39A /* Project object */;
}
